{
  "version": "5",
  "specifiers": {
    "npm:@supabase/supabase-js@*": "2.55.0",
    "npm:@types/node@*": "22.15.15"
  },
  "npm": {
    "@supabase/auth-js@2.71.1": {
      "integrity": "sha512-mMIQHBRc+SKpZFRB2qtupuzulaUhFYupNyxqDj5Jp/LyPvcWvjaJzZzObv6URtL/O6lPxkanASnotGtNpS3H2Q==",
      "dependencies": [
        "@supabase/node-fetch"
      ]
    },
    "@supabase/functions-js@2.4.5": {
      "integrity": "sha512-v5GSqb9zbosquTo6gBwIiq7W9eQ7rE5QazsK/ezNiQXdCbY+bH8D9qEaBIkhVvX4ZRW5rP03gEfw5yw9tiq4EQ==",
      "dependencies": [
        "@supabase/node-fetch"
      ]
    },
    "@supabase/node-fetch@2.6.15": {
      "integrity": "sha512-1ibVeYUacxWYi9i0cf5efil6adJ9WRyZBLivgjs+AUpewx1F3xPi7gLgaASI2SmIQxPoCEjAsLAzKPgMJVgOUQ==",
      "dependencies": [
        "whatwg-url"
      ]
    },
    "@supabase/postgrest-js@1.19.4": {
      "integrity": "sha512-O4soKqKtZIW3olqmbXXbKugUtByD2jPa8kL2m2c1oozAO11uCcGrRhkZL0kVxjBLrXHE0mdSkFsMj7jDSfyNpw==",
      "dependencies": [
        "@supabase/node-fetch"
      ]
    },
    "@supabase/realtime-js@2.15.1": {
      "integrity": "sha512-edRFa2IrQw50kNntvUyS38hsL7t2d/psah6om6aNTLLcWem0R6bOUq7sk7DsGeSlNfuwEwWn57FdYSva6VddYw==",
      "dependencies": [
        "@supabase/node-fetch",
        "@types/phoenix",
        "@types/ws",
        "ws"
      ]
    },
    "@supabase/storage-js@2.10.5": {
      "integrity": "sha512-9O7DfVI+v+exwPIKFGlCn2gigx441ojHnJ5QpHPegvblPdZQnnmCrL+A0JHj7wD/e+f9fnLu/DBKAtLYrLtftw==",
      "dependencies": [
        "@supabase/node-fetch"
      ]
    },
    "@supabase/supabase-js@2.55.0": {
      "integrity": "sha512-Y1uV4nEMjQV1x83DGn7+Z9LOisVVRlY1geSARrUHbXWgbyKLZ6/08dvc0Us1r6AJ4tcKpwpCZWG9yDQYo1JgHg==",
      "dependencies": [
        "@supabase/auth-js",
        "@supabase/functions-js",
        "@supabase/node-fetch",
        "@supabase/postgrest-js",
        "@supabase/realtime-js",
        "@supabase/storage-js"
      ]
    },
    "@types/node@22.15.15": {
      "integrity": "sha512-R5muMcZob3/Jjchn5LcO8jdKwSCbzqmPB6ruBxMcf9kbxtniZHP327s6C37iOfuw8mbKK3cAQa7sEl7afLrQ8A==",
      "dependencies": [
        "undici-types"
      ]
    },
    "@types/phoenix@1.6.6": {
      "integrity": "sha512-PIzZZlEppgrpoT2QgbnDU+MMzuR6BbCjllj0bM70lWoejMeNJAxCchxnv7J3XFkI8MpygtRpzXrIlmWUBclP5A=="
    },
    "@types/ws@8.18.1": {
      "integrity": "sha512-ThVF6DCVhA8kUGy+aazFQ4kXQ7E1Ty7A3ypFOe0IcJV8O/M511G99AW24irKrW56Wt44yG9+ij8FaqoBGkuBXg==",
      "dependencies": [
        "@types/node"
      ]
    },
    "tr46@0.0.3": {
      "integrity": "sha512-N3WMsuqV66lT30CrXNbEjx4GEwlow3v6rr4mCcv6prnfwhS01rkgyFdjPNBYd9br7LpXV1+Emh01fHnq2Gdgrw=="
    },
    "undici-types@6.21.0": {
      "integrity": "sha512-iwDZqg0QAGrg9Rav5H4n0M64c3mkR59cJ6wQp+7C4nI0gsmExaedaYLNO44eT4AtBBwjbTiGPMlt2Md0T9H9JQ=="
    },
    "webidl-conversions@3.0.1": {
      "integrity": "sha512-2JAn3z8AR6rjK8Sm8orRC0h/bcl/DqL7tRPdGZ4I1CjdF+EaMLmYxBHyXuKL849eucPFhvBoxMsflfOb8kxaeQ=="
    },
    "whatwg-url@5.0.0": {
      "integrity": "sha512-saE57nupxk6v3HY35+jzBwYa0rKSy0XR8JSxZPwgLr7ys0IBzhGviA1/TUGJLmSVqs8pb9AnvICXEuOHLprYTw==",
      "dependencies": [
        "tr46",
        "webidl-conversions"
      ]
    },
    "ws@8.18.3": {
      "integrity": "sha512-PEIGCY5tSlUt50cqyMXfCzX+oOPqN0vuGqWzbcJ2xvnkzkq46oOpz7dQaTDBdfICb4N14+GARUDw2XV2N4tvzg=="
    }
  },
  "redirects": {
    "https://deno.land/x/deno/types/mod.d.ts": "https://deno.land/x/deno@v2.4.4/types/mod.d.ts",
    "https://esm.sh/@supabase/node-fetch@^2.6.13?target=denonext": "https://esm.sh/@supabase/node-fetch@2.6.15?target=denonext",
    "https://esm.sh/@supabase/node-fetch@^2.6.14?target=denonext": "https://esm.sh/@supabase/node-fetch@2.6.15?target=denonext",
    "https://esm.sh/@supabase/storage-js@^2.10.4?target=denonext": "https://esm.sh/@supabase/storage-js@2.10.5?target=denonext",
    "https://esm.sh/@supabase/supabase-js@2": "https://esm.sh/@supabase/supabase-js@2.55.0",
    "https://esm.sh/tr46@~0.0.3?target=denonext": "https://esm.sh/tr46@0.0.3?target=denonext",
    "https://esm.sh/webidl-conversions@^3.0.0?target=denonext": "https://esm.sh/webidl-conversions@3.0.1?target=denonext",
    "https://esm.sh/whatwg-url@^5.0.0?target=denonext": "https://esm.sh/whatwg-url@5.0.0?target=denonext"
  },
  "remote": {
    "https://deno.land/std@0.168.0/async/abortable.ts": "80b2ac399f142cc528f95a037a7d0e653296352d95c681e284533765961de409",
    "https://deno.land/std@0.168.0/async/deadline.ts": "2c2deb53c7c28ca1dda7a3ad81e70508b1ebc25db52559de6b8636c9278fd41f",
    "https://deno.land/std@0.168.0/async/debounce.ts": "60301ffb37e730cd2d6f9dadfd0ecb2a38857681bd7aaf6b0a106b06e5210a98",
    "https://deno.land/std@0.168.0/async/deferred.ts": "77d3f84255c3627f1cc88699d8472b664d7635990d5358c4351623e098e917d6",
    "https://deno.land/std@0.168.0/async/delay.ts": "5a9bfba8de38840308a7a33786a0155a7f6c1f7a859558ddcec5fe06e16daf57",
    "https://deno.land/std@0.168.0/async/mod.ts": "7809ad4bb223e40f5fdc043e5c7ca04e0e25eed35c32c3c32e28697c553fa6d9",
    "https://deno.land/std@0.168.0/async/mux_async_iterator.ts": "770a0ff26c59f8bbbda6b703a2235f04e379f73238e8d66a087edc68c2a2c35f",
    "https://deno.land/std@0.168.0/async/pool.ts": "6854d8cd675a74c73391c82005cbbe4cc58183bddcd1fbbd7c2bcda42b61cf69",
    "https://deno.land/std@0.168.0/async/retry.ts": "e8e5173623915bbc0ddc537698fa418cf875456c347eda1ed453528645b42e67",
    "https://deno.land/std@0.168.0/async/tee.ts": "3a47cc4e9a940904fd4341f0224907e199121c80b831faa5ec2b054c6d2eff5e",
    "https://deno.land/std@0.168.0/collections/filter_values.ts": "3f19ad44dce3a5e2430c47759d0068d6cef44a186a554da1c28ef27448bf7dfc",
    "https://deno.land/std@0.168.0/collections/without_all.ts": "d0adc99202b5b23d38fc7733410f84ae0b1af5fbf2ca2ce7cf184ffe36b599be",
    "https://deno.land/std@0.168.0/dotenv/mod.ts": "c6a7804fe59ae566cb2bebc11829f717d840cd498a339131ffeafb9fbbea94e6",
    "https://deno.land/std@0.168.0/http/server.ts": "e99c1bee8a3f6571ee4cdeb2966efad465b8f6fe62bec1bdb59c1f007cc4d155",
    "https://deno.land/std@0.192.0/_util/asserts.ts": "178dfc49a464aee693a7e285567b3d0b555dc805ff490505a8aae34f9cfb1462",
    "https://deno.land/std@0.192.0/async/abortable.ts": "fd682fa46f3b7b16b4606a5ab52a7ce309434b76f820d3221bdfb862719a15d7",
    "https://deno.land/std@0.192.0/async/deadline.ts": "58f72a3cc0fcb731b2cc055ba046f4b5be3349ff6bf98f2e793c3b969354aab2",
    "https://deno.land/std@0.192.0/async/debounce.ts": "adab11d04ca38d699444ac8a9d9856b4155e8dda2afd07ce78276c01ea5a4332",
    "https://deno.land/std@0.192.0/async/deferred.ts": "42790112f36a75a57db4a96d33974a936deb7b04d25c6084a9fa8a49f135def8",
    "https://deno.land/std@0.192.0/async/delay.ts": "73aa04cec034c84fc748c7be49bb15cac3dd43a57174bfdb7a4aec22c248f0dd",
    "https://deno.land/std@0.192.0/async/mod.ts": "f04344fa21738e5ad6bea37a6bfffd57c617c2d372bb9f9dcfd118a1b622e576",
    "https://deno.land/std@0.192.0/async/mux_async_iterator.ts": "70c7f2ee4e9466161350473ad61cac0b9f115cff4c552eaa7ef9d50c4cbb4cc9",
    "https://deno.land/std@0.192.0/async/pool.ts": "f1b8d3df4d7fd3c73f8cbc91cc2e8b8e950910f1eab94230b443944d7584c657",
    "https://deno.land/std@0.192.0/async/retry.ts": "6521c061a5ab24e8b1ae624bdc581c4243d1d574f99dc7f5a2a195c2241fb1b8",
    "https://deno.land/std@0.192.0/async/tee.ts": "47e42d35f622650b02234d43803d0383a89eb4387e1b83b5a40106d18ae36757",
    "https://deno.land/std@0.192.0/crypto/_fnv/fnv32.ts": "e4649dfdefc5c987ed53c3c25db62db771a06d9d1b9c36d2b5cf0853b8e82153",
    "https://deno.land/std@0.192.0/crypto/_fnv/fnv64.ts": "bfa0e4702061fdb490a14e6bf5f9168a22fb022b307c5723499469bfefca555e",
    "https://deno.land/std@0.192.0/crypto/_fnv/mod.ts": "f956a95f58910f223e420340b7404702ecd429603acd4491fa77af84f746040c",
    "https://deno.land/std@0.192.0/crypto/_fnv/util.ts": "accba12bfd80a352e32a872f87df2a195e75561f1b1304a4cb4f5a4648d288f9",
    "https://deno.land/std@0.192.0/crypto/_wasm/lib/deno_std_wasm_crypto.generated.mjs": "85b50eee2e511584698c04f1d84155e57452ea963106fee64987c326e9e5d25d",
    "https://deno.land/std@0.192.0/crypto/_wasm/mod.ts": "973058e70052c98292b567d1c8396dffc28d6dfc6a44f0763032f6fbdf5222f5",
    "https://deno.land/std@0.192.0/crypto/crypto.ts": "4cae012d2022bc1470f548354a2e1a998f751eaddab6ab83dfb995948ba0b89d",
    "https://deno.land/std@0.192.0/crypto/keystack.ts": "877ab0f19eb7d37ad6495190d3c3e39f58e9c52e0b6a966f82fd6df67ca55f90",
    "https://deno.land/std@0.192.0/crypto/mod.ts": "ae384519e85eca9aeff4e7111ed153df8f3dbda7b35b70850ed4b3e9c8cec4d5",
    "https://deno.land/std@0.192.0/crypto/timing_safe_equal.ts": "0fae34ee02264f309ae0b6e54e9746a7aba3996e5454903ed106967a7a9ef665",
    "https://deno.land/std@0.192.0/crypto/to_hash_string.ts": "6927c768f3e373a1be4a31555a45ccecf7bd413105455cc334ad3f908cfa986f",
    "https://deno.land/std@0.192.0/encoding/base64.ts": "144ae6234c1fbe5b68666c711dc15b1e9ee2aef6d42b3b4345bf9a6c91d70d0d",
    "https://deno.land/std@0.192.0/encoding/base64url.ts": "2ed4ba122b20fedf226c5d337cf22ee2024fa73a8f85d915d442af7e9ce1fae1",
    "https://deno.land/std@0.192.0/encoding/hex.ts": "b4b1a7cb678745b0bf181ed8cf2498c7be00d121a7de244b752fbf9c7d9c48cd",
    "https://deno.land/std@0.192.0/http/server.ts": "1b23463b5b36e4eebc495417f6af47a6f7d52e3294827a1226d2a1aab23d9d20",
    "https://esm.sh/@supabase/auth-js@2.71.1/denonext/auth-js.mjs": "d55f67342e652b8bdce35b0ff13ad5cc294b7e96dbd68f859b464b07c6864967",
    "https://esm.sh/@supabase/functions-js@2.4.5/denonext/functions-js.mjs": "acfcb4db90c292c335a9dbb5664485f5e0b680533d68e6942abb9387ec7e0d0b",
    "https://esm.sh/@supabase/node-fetch@2.6.15/denonext/node-fetch.mjs": "0bae9052231f4f6dbccc7234d05ea96923dbf967be12f402764580b6bf9f713d",
    "https://esm.sh/@supabase/node-fetch@2.6.15?target=denonext": "4d28c4ad97328403184353f68434f2b6973971507919e9150297413664919cf3",
    "https://esm.sh/@supabase/postgrest-js@1.19.4/denonext/postgrest-js.mjs": "2073b5552ba10c7a8302bffffae771e3aede1daf833382355dae239fb0ab2576",
    "https://esm.sh/@supabase/realtime-js@2.15.1/denonext/realtime-js.mjs": "c297565cc5ba09d2732a3fc94a59e06426bd98cc1f836743787e2012a094f0a1",
    "https://esm.sh/@supabase/storage-js@2.10.5/denonext/storage-js.mjs": "2f0e707cc24f8e4986d2e3e96778c0356706f11ee800855ab8771bbc4d40c6c8",
    "https://esm.sh/@supabase/storage-js@2.10.5?target=denonext": "c267e6b19b1061d0722c8696e62ec07848f9e8bc32ea51eeab2cc9680168673c",
    "https://esm.sh/@supabase/supabase-js@2.55.0": "c91e56ab271414ea191edd3fc9da73863bdde4fb95c0e9465faddd5db3c6a026",
    "https://esm.sh/@supabase/supabase-js@2.55.0/denonext/supabase-js.mjs": "fe2c58ecea5a5f249d1bb72d2564674332a5d11a84f21064a75eaf70234cf89b",
    "https://esm.sh/tr46@0.0.3/denonext/tr46.mjs": "5753ec0a99414f4055f0c1f97691100f13d88e48a8443b00aebb90a512785fa2",
    "https://esm.sh/tr46@0.0.3?target=denonext": "19cb9be0f0d418a0c3abb81f2df31f080e9540a04e43b0f699bce1149cba0cbb",
    "https://esm.sh/webidl-conversions@3.0.1/denonext/webidl-conversions.mjs": "54b5c2d50a294853c4ccebf9d5ed8988c94f4e24e463d84ec859a866ea5fafec",
    "https://esm.sh/webidl-conversions@3.0.1?target=denonext": "4e20318d50528084616c79d7b3f6e7f0fe7b6d09013bd01b3974d7448d767e29",
    "https://esm.sh/whatwg-url@5.0.0/denonext/whatwg-url.mjs": "29b16d74ee72624c915745bbd25b617cfd2248c6af0f5120d131e232a9a9af79",
    "https://esm.sh/whatwg-url@5.0.0?target=denonext": "f001a2cadf81312d214ca330033f474e74d81a003e21e8c5d70a1f46dc97b02d"
  },
  "workspace": {
    "dependencies": [
      "npm:@supabase/supabase-js@^2.39.0"
    ],
    "packageJson": {
      "dependencies": [
        "npm:@eslint/js@^9.9.0",
        "npm:@hookform/resolvers@^3.9.0",
        "npm:@radix-ui/react-accordion@^1.2.0",
        "npm:@radix-ui/react-alert-dialog@^1.1.1",
        "npm:@radix-ui/react-aspect-ratio@^1.1.0",
        "npm:@radix-ui/react-avatar@^1.1.0",
        "npm:@radix-ui/react-checkbox@^1.1.1",
        "npm:@radix-ui/react-collapsible@^1.1.0",
        "npm:@radix-ui/react-context-menu@^2.2.1",
        "npm:@radix-ui/react-dialog@^1.1.2",
        "npm:@radix-ui/react-dropdown-menu@^2.1.1",
        "npm:@radix-ui/react-hover-card@^1.1.1",
        "npm:@radix-ui/react-label@^2.1.0",
        "npm:@radix-ui/react-menubar@^1.1.1",
        "npm:@radix-ui/react-navigation-menu@^1.2.0",
        "npm:@radix-ui/react-popover@^1.1.1",
        "npm:@radix-ui/react-progress@^1.1.0",
        "npm:@radix-ui/react-radio-group@^1.2.0",
        "npm:@radix-ui/react-scroll-area@^1.1.0",
        "npm:@radix-ui/react-select@^2.1.1",
        "npm:@radix-ui/react-separator@^1.1.0",
        "npm:@radix-ui/react-slider@^1.2.0",
        "npm:@radix-ui/react-slot@^1.1.0",
        "npm:@radix-ui/react-switch@^1.1.0",
        "npm:@radix-ui/react-tabs@^1.1.0",
        "npm:@radix-ui/react-toast@^1.2.1",
        "npm:@radix-ui/react-toggle-group@^1.1.0",
        "npm:@radix-ui/react-toggle@^1.1.0",
        "npm:@radix-ui/react-tooltip@^1.1.4",
        "npm:@supabase/auth-helpers-react@0.5",
        "npm:@supabase/supabase-js@^2.55.0",
        "npm:@tailwindcss/typography@~0.5.15",
        "npm:@tanstack/react-query@^5.56.2",
        "npm:@types/file-saver@^2.0.7",
        "npm:@types/jspdf@2",
        "npm:@types/lodash@^4.17.20",
        "npm:@types/node@^22.5.5",
        "npm:@types/react-dom@^18.3.0",
        "npm:@types/react@^18.3.3",
        "npm:@vitejs/plugin-react-swc@^3.5.0",
        "npm:autoprefixer@^10.4.20",
        "npm:class-variance-authority@~0.7.1",
        "npm:clsx@^2.1.1",
        "npm:cmdk@1",
        "npm:date-fns@^3.6.0",
        "npm:embla-carousel-react@^8.3.0",
        "npm:eslint-plugin-react-hooks@^5.1.0-rc.0",
        "npm:eslint-plugin-react-refresh@~0.4.9",
        "npm:eslint@^9.9.0",
        "npm:file-saver@^2.0.5",
        "npm:globals@^15.9.0",
        "npm:html2canvas@^1.4.1",
        "npm:input-otp@^1.2.4",
        "npm:jspdf@^3.0.1",
        "npm:lovable-tagger@^1.1.7",
        "npm:lucide-react@0.462",
        "npm:next-auth@^4.24.11",
        "npm:next-themes@0.3",
        "npm:postcss@^8.4.47",
        "npm:react-day-picker@^8.10.1",
        "npm:react-dom@^18.3.1",
        "npm:react-hook-form@^7.53.0",
        "npm:react-icons@^5.5.0",
        "npm:react-markdown@^10.1.0",
        "npm:react-resizable-panels@^2.1.3",
        "npm:react-router-dom@^6.26.2",
        "npm:react@^18.3.1",
        "npm:recharts@^2.12.7",
        "npm:sonner@^1.5.0",
        "npm:supabase@^2.34.3",
        "npm:sweetalert2@^11.22.2",
        "npm:tailwind-merge@^2.5.2",
        "npm:tailwindcss-animate@^1.0.7",
        "npm:tailwindcss@^3.4.11",
        "npm:typescript-eslint@^8.0.1",
        "npm:typescript@^5.5.3",
        "npm:vaul@~0.9.3",
        "npm:vite-plugin-csp@^1.1.2",
        "npm:vite@^5.4.1",
        "npm:xlsx@~0.18.5",
        "npm:zod@^3.23.8"
      ]
    }
  }
}
